
Microsoft Visual Studio Solution File, Format Version 12.00
# Visual Studio Version 17
VisualStudioVersion = 17.10.35027.167
MinimumVisualStudioVersion = 10.0.40219.1
Project("{9A19103F-16F7-4668-BE54-9A1E7A4F7556}") = "Villa", "Villa\Villa.csproj", "{54D88417-3FDE-4BDD-B62E-6AE0321BF121}"
EndProject
Project("{9A19103F-16F7-4668-BE54-9A1E7A4F7556}") = "AmazonApp", "AmazonApp\AmazonApp.csproj", "{3909761F-91CC-4B53-9EED-394E961F5861}"
EndProject
Project("{9A19103F-16F7-4668-BE54-9A1E7A4F7556}") = "FlipCart", "FlipCart\FlipCart.csproj", "{826AA7B7-3CD9-40AA-BD12-CDBE99EEF3CD}"
EndProject
Project("{FAE04EC0-301F-11D3-BF4B-00C04F79EFBC}") = "FlipCart.WebAPI", "FlipCart.WebAPI\FlipCart.WebAPI.csproj", "{01A5F088-1AC5-4C23-814C-9B3CEE8F8639}"
EndProject
Global
	GlobalSection(SolutionConfigurationPlatforms) = preSolution
		Debug|Any CPU = Debug|Any CPU
		Release|Any CPU = Release|Any CPU
	EndGlobalSection
	GlobalSection(ProjectConfigurationPlatforms) = postSolution
		{54D88417-3FDE-4BDD-B62E-6AE0321BF121}.Debug|Any CPU.ActiveCfg = Debug|Any CPU
		{54D88417-3FDE-4BDD-B62E-6AE0321BF121}.Debug|Any CPU.Build.0 = Debug|Any CPU
		{54D88417-3FDE-4BDD-B62E-6AE0321BF121}.Release|Any CPU.ActiveCfg = Release|Any CPU
		{54D88417-3FDE-4BDD-B62E-6AE0321BF121}.Release|Any CPU.Build.0 = Release|Any CPU
		{3909761F-91CC-4B53-9EED-394E961F5861}.Debug|Any CPU.ActiveCfg = Debug|Any CPU
		{3909761F-91CC-4B53-9EED-394E961F5861}.Debug|Any CPU.Build.0 = Debug|Any CPU
		{3909761F-91CC-4B53-9EED-394E961F5861}.Release|Any CPU.ActiveCfg = Release|Any CPU
		{3909761F-91CC-4B53-9EED-394E961F5861}.Release|Any CPU.Build.0 = Release|Any CPU
		{826AA7B7-3CD9-40AA-BD12-CDBE99EEF3CD}.Debug|Any CPU.ActiveCfg = Debug|Any CPU
		{826AA7B7-3CD9-40AA-BD12-CDBE99EEF3CD}.Debug|Any CPU.Build.0 = Debug|Any CPU
		{826AA7B7-3CD9-40AA-BD12-CDBE99EEF3CD}.Release|Any CPU.ActiveCfg = Release|Any CPU
		{826AA7B7-3CD9-40AA-BD12-CDBE99EEF3CD}.Release|Any CPU.Build.0 = Release|Any CPU
		{01A5F088-1AC5-4C23-814C-9B3CEE8F8639}.Debug|Any CPU.ActiveCfg = Debug|Any CPU
		{01A5F088-1AC5-4C23-814C-9B3CEE8F8639}.Debug|Any CPU.Build.0 = Debug|Any CPU
		{01A5F088-1AC5-4C23-814C-9B3CEE8F8639}.Release|Any CPU.ActiveCfg = Release|Any CPU
		{01A5F088-1AC5-4C23-814C-9B3CEE8F8639}.Release|Any CPU.Build.0 = Release|Any CPU
	EndGlobalSection
	GlobalSection(SolutionProperties) = preSolution
		HideSolutionNode = FALSE
	EndGlobalSection
	GlobalSection(ExtensibilityGlobals) = postSolution
		SolutionGuid = {E7A5C51F-C7CD-4F27-B366-247DE8A54A88}
	EndGlobalSection
EndGlobal
